// !$*UTF8*$!
{
	archiveVersion = 1;
	classes = {
	};
	objectVersion = 77;
	objects = {

/* Begin PBXBuildFile section */
		E4FBA9C12FA300000000A001 /* Xone4DHAL.cpp in Sources */ = {isa = PBXBuildFile; fileRef = E4FBA9BB2FA1F8BA00AFA8EC /* Xone4DHAL.cpp */; };
		E4FBA9C22FA300000000A002 /* XoneUSBTransport.cpp in Sources */ = {isa = PBXBuildFile; fileRef = E4FBA9C82FA300000000A008 /* XoneUSBTransport.cpp */; };
		E4FBA9C32FA300000000A003 /* PloytecCodec.cpp in Sources */ = {isa = PBXBuildFile; fileRef = E4FBA9CA2FA300000000A00A /* PloytecCodec.cpp */; };
		E4FBA9C42FA300000000A004 /* CoreAudio.framework in Frameworks */ = {isa = PBXBuildFile; fileRef = E4FBA9D02FA300000000A010 /* CoreAudio.framework */; };
		E4FBA9C52FA300000000A005 /* CoreFoundation.framework in Frameworks */ = {isa = PBXBuildFile; fileRef = E4FBA9D12FA300000000A011 /* CoreFoundation.framework */; };
		E4FBA9C62FA300000000A006 /* IOKit.framework in Frameworks */ = {isa = PBXBuildFile; fileRef = E4FBA9D22FA300000000A012 /* IOKit.framework */; };
/* End PBXBuildFile section */

/* Begin PBXFileReference section */
		E4FBA9B42FA1F33C00AFA8EC /* XoneHAL.bundle */ = {isa = PBXFileReference; explicitFileType = wrapper.cfbundle; includeInIndex = 0; path = XoneHAL.bundle; sourceTree = BUILT_PRODUCTS_DIR; };
		E4FBA9BB2FA1F8BA00AFA8EC /* Xone4DHAL.cpp */ = {isa = PBXFileReference; lastKnownFileType = sourcecode.cpp.cpp; path = Xone4DHAL.cpp; sourceTree = "<group>"; };
		E4FBA9BC2FA2125600AFA8EC /* Info.plist */ = {isa = PBXFileReference; lastKnownFileType = text.plist.xml; path = Info.plist; sourceTree = "<group>"; };
		E4FBA9C72FA300000000A007 /* XoneUSBTransport.h */ = {isa = PBXFileReference; lastKnownFileType = sourcecode.c.h; path = XoneUSBTransport.h; sourceTree = "<group>"; };
		E4FBA9C82FA300000000A008 /* XoneUSBTransport.cpp */ = {isa = PBXFileReference; lastKnownFileType = sourcecode.cpp.cpp; path = XoneUSBTransport.cpp; sourceTree = "<group>"; };
		E4FBA9C92FA300000000A009 /* PloytecCodec.h */ = {isa = PBXFileReference; lastKnownFileType = sourcecode.c.h; path = PloytecCodec.h; sourceTree = "<group>"; };
		E4FBA9CA2FA300000000A00A /* PloytecCodec.cpp */ = {isa = PBXFileReference; lastKnownFileType = sourcecode.cpp.cpp; path = PloytecCodec.cpp; sourceTree = "<group>"; };
		E4FBA9CB2FA300000000A00B /* ploytec_defs.h */ = {isa = PBXFileReference; lastKnownFileType = sourcecode.c.h; path = ploytec_defs.h; sourceTree = "<group>"; };
		E4FBA9CC2FA300000000A00C /* XoneRing.h */ = {isa = PBXFileReference; lastKnownFileType = sourcecode.c.h; path = XoneRing.h; sourceTree = "<group>"; };
		E4FBA9D02FA300000000A010 /* CoreAudio.framework */ = {isa = PBXFileReference; lastKnownFileType = wrapper.framework; name = CoreAudio.framework; path = System/Library/Frameworks/CoreAudio.framework; sourceTree = SDKROOT; };
		E4FBA9D12FA300000000A011 /* CoreFoundation.framework */ = {isa = PBXFileReference; lastKnownFileType = wrapper.framework; name = CoreFoundation.framework; path = System/Library/Frameworks/CoreFoundation.framework; sourceTree = SDKROOT; };
		E4FBA9D22FA300000000A012 /* IOKit.framework */ = {isa = PBXFileReference; lastKnownFileType = wrapper.framework; name = IOKit.framework; path = System/Library/Frameworks/IOKit.framework; sourceTree = SDKROOT; };
/* End PBXFileReference section */

/* Begin PBXFrameworksBuildPhase section */
		E4FBA9B12FA1F33B00AFA8EC /* Frameworks */ = {
			isa = PBXFrameworksBuildPhase;
			buildActionMask = 2147483647;
			files = (
				E4FBA9C42FA300000000A004 /* CoreAudio.framework in Frameworks */,
				E4FBA9C52FA300000000A005 /* CoreFoundation.framework in Frameworks */,
				E4FBA9C62FA300000000A006 /* IOKit.framework in Frameworks */,
			);
			runOnlyForDeploymentPostprocessing = 0;
		};
/* End PBXFrameworksBuildPhase section */

/* Begin PBXGroup section */
		E4FBA9AB2FA1F33B00AFA8EC = {
			isa = PBXGroup;
			children = (
				E4FBA9BB2FA1F8BA00AFA8EC /* Xone4DHAL.cpp */,
				E4FBA9C72FA300000000A007 /* XoneUSBTransport.h */,
				E4FBA9C82FA300000000A008 /* XoneUSBTransport.cpp */,
				E4FBA9C92FA300000000A009 /* PloytecCodec.h */,
				E4FBA9CA2FA300000000A00A /* PloytecCodec.cpp */,
				E4FBA9CB2FA300000000A00B /* ploytec_defs.h */,
				E4FBA9CC2FA300000000A00C /* XoneRing.h */,
				E4FBA9BC2FA2125600AFA8EC /* Info.plist */,
				E4FBA9CD2FA300000000A00D /* Frameworks */,
				E4FBA9B52FA1F33C00AFA8EC /* Products */,
			);
			sourceTree = "<group>";
		};
		E4FBA9B52FA1F33C00AFA8EC /* Products */ = {
			isa = PBXGroup;
			children = (
				E4FBA9B42FA1F33C00AFA8EC /* XoneHAL.bundle */,
			);
			name = Products;
			sourceTree = "<group>";
		};
		E4FBA9CD2FA300000000A00D /* Frameworks */ = {
			isa = PBXGroup;
			children = (
				E4FBA9D02FA300000000A010 /* CoreAudio.framework */,
				E4FBA9D12FA300000000A011 /* CoreFoundation.framework */,
				E4FBA9D22FA300000000A012 /* IOKit.framework */,
			);
			name = Frameworks;
			sourceTree = "<group>";
		};
/* End PBXGroup section */

/* Begin PBXNativeTarget section */
		E4FBA9B32FA1F33B00AFA8EC /* XoneHAL */ = {
			isa = PBXNativeTarget;
			buildConfigurationList = E4FBA9B82FA1F33C00AFA8EC /* Build configuration list for PBXNativeTarget "XoneHAL" */;
			buildPhases = (
				E4FBA9B02FA1F33B00AFA8EC /* Sources */,
				E4FBA9B12FA1F33B00AFA8EC /* Frameworks */,
				E4FBA9B22FA1F33B00AFA8EC /* Resources */,
			);
			buildRules = (
			);
			dependencies = (
			);
			name = XoneHAL;
			packageProductDependencies = (
			);
			productName = XoneHAL;
			productReference = E4FBA9B42FA1F33C00AFA8EC /* XoneHAL.bundle */;
			productType = "com.apple.product-type.bundle";
		};
/* End PBXNativeTarget section */

/* Begin PBXProject section */
		E4FBA9AC2FA1F33B00AFA8EC /* Project object */ = {
			isa = PBXProject;
			attributes = {
				BuildIndependentTargetsInParallel = 1;
				LastUpgradeCheck = 2640;
				TargetAttributes = {
					E4FBA9B32FA1F33B00AFA8EC = {
						CreatedOnToolsVersion = 26.4.1;
					};
				};
			};
			buildConfigurationList = E4FBA9AF2FA1F33B00AFA8EC /* Build configuration list for PBXProject "XoneHAL" */;
			developmentRegion = en;
			hasScannedForEncodings = 0;
			knownRegions = (
				en,
				Base,
			);
			mainGroup = E4FBA9AB2FA1F33B00AFA8EC;
			minimizedProjectReferenceProxies = 1;
			preferredProjectObjectVersion = 77;
			productRefGroup = E4FBA9B52FA1F33C00AFA8EC /* Products */;
			projectDirPath = "";
			projectRoot = "";
			targets = (
				E4FBA9B32FA1F33B00AFA8EC /* XoneHAL */,
			);
		};
/* End PBXProject section */

/* Begin PBXResourcesBuildPhase section */
		E4FBA9B22FA1F33B00AFA8EC /* Resources */ = {
			isa = PBXResourcesBuildPhase;
			buildActionMask = 2147483647;
			files = (
			);
			runOnlyForDeploymentPostprocessing = 0;
		};
/* End PBXResourcesBuildPhase section */

/* Begin PBXSourcesBuildPhase section */
		E4FBA9B02FA1F33B00AFA8EC /* Sources */ = {
			isa = PBXSourcesBuildPhase;
			buildActionMask = 2147483647;
			files = (
				E4FBA9C12FA300000000A001 /* Xone4DHAL.cpp in Sources */,
				E4FBA9C22FA300000000A002 /* XoneUSBTransport.cpp in Sources */,
				E4FBA9C32FA300000000A003 /* PloytecCodec.cpp in Sources */,
			);
			runOnlyForDeploymentPostprocessing = 0;
		};
/* End PBXSourcesBuildPhase section */

/* Begin XCBuildConfiguration section */
		E4FBA9B62FA1F33C00AFA8EC /* Debug */ = {
			isa = XCBuildConfiguration;
			buildSettings = {
				ALWAYS_SEARCH_USER_PATHS = NO;
				CLANG_ANALYZER_NONNULL = YES;
				CLANG_CXX_LANGUAGE_STANDARD = "gnu++20";
				CLANG_ENABLE_OBJC_ARC = YES;
				CLANG_ENABLE_OBJC_WEAK = YES;
				CLANG_WARN_BOOL_CONVERSION = YES;
				CLANG_WARN_CONSTANT_CONVERSION = YES;
				CLANG_WARN_EMPTY_BODY = YES;
				CLANG_WARN_ENUM_CONVERSION = YES;
				CLANG_WARN_INFINITE_RECURSION = YES;
				CLANG_WARN_INT_CONVERSION = YES;
				CLANG_WARN_NON_LITERAL_NULL_CONVERSION = YES;
				CLANG_WARN_RANGE_LOOP_ANALYSIS = YES;
				CLANG_WARN_STRICT_PROTOTYPES = YES;
				CLANG_WARN_SUSPICIOUS_MOVE = YES;
				CLANG_WARN_UNGUARDED_AVAILABILITY = YES_AGGRESSIVE;
				CLANG_WARN_UNREACHABLE_CODE = YES;
				COPY_PHASE_STRIP = NO;
				DEBUG_INFORMATION_FORMAT = dwarf;
				DEVELOPMENT_TEAM = Y2J929GK9A;
				ENABLE_STRICT_OBJC_MSGSEND = YES;
				ENABLE_TESTABILITY = YES;
				ENABLE_USER_SCRIPT_SANDBOXING = YES;
				GCC_C_LANGUAGE_STANDARD = gnu17;
				GCC_DYNAMIC_NO_PIC = NO;
				GCC_NO_COMMON_BLOCKS = YES;
				GCC_OPTIMIZATION_LEVEL = 0;
				GCC_PREPROCESSOR_DEFINITIONS = (
					"DEBUG=1",
					"$(inherited)",
				);
				GCC_WARN_64_TO_32_BIT_CONVERSION = YES;
				GCC_WARN_ABOUT_RETURN_TYPE = YES_ERROR;
				GCC_WARN_UNDECLARED_SELECTOR = YES;
				GCC_WARN_UNINITIALIZED_AUTOS = YES_AGGRESSIVE;
				GCC_WARN_UNUSED_FUNCTION = YES;
				GCC_WARN_UNUSED_VARIABLE = YES;
				MACOSX_DEPLOYMENT_TARGET = 13.0;
				ONLY_ACTIVE_ARCH = YES;
				SDKROOT = macosx;
			};
			name = Debug;
		};
		E4FBA9B72FA1F33C00AFA8EC /* Release */ = {
			isa = XCBuildConfiguration;
			buildSettings = {
				ALWAYS_SEARCH_USER_PATHS = NO;
				CLANG_ANALYZER_NONNULL = YES;
				CLANG_CXX_LANGUAGE_STANDARD = "gnu++20";
				CLANG_ENABLE_OBJC_ARC = YES;
				CLANG_ENABLE_OBJC_WEAK = YES;
				CLANG_WARN_BOOL_CONVERSION = YES;
				CLANG_WARN_CONSTANT_CONVERSION = YES;
				CLANG_WARN_EMPTY_BODY = YES;
				CLANG_WARN_ENUM_CONVERSION = YES;
				CLANG_WARN_INFINITE_RECURSION = YES;
				CLANG_WARN_INT_CONVERSION = YES;
				CLANG_WARN_NON_LITERAL_NULL_CONVERSION = YES;
				CLANG_WARN_RANGE_LOOP_ANALYSIS = YES;
				CLANG_WARN_STRICT_PROTOTYPES = YES;
				CLANG_WARN_SUSPICIOUS_MOVE = YES;
				CLANG_WARN_UNGUARDED_AVAILABILITY = YES_AGGRESSIVE;
				CLANG_WARN_UNREACHABLE_CODE = YES;
				COPY_PHASE_STRIP = NO;
				DEBUG_INFORMATION_FORMAT = "dwarf-with-dsym";
				DEVELOPMENT_TEAM = Y2J929GK9A;
				ENABLE_NS_ASSERTIONS = NO;
				ENABLE_STRICT_OBJC_MSGSEND = YES;
				ENABLE_USER_SCRIPT_SANDBOXING = YES;
				GCC_C_LANGUAGE_STANDARD = gnu17;
				GCC_NO_COMMON_BLOCKS = YES;
				GCC_WARN_64_TO_32_BIT_CONVERSION = YES;
				GCC_WARN_ABOUT_RETURN_TYPE = YES_ERROR;
				GCC_WARN_UNDECLARED_SELECTOR = YES;
				GCC_WARN_UNINITIALIZED_AUTOS = YES_AGGRESSIVE;
				GCC_WARN_UNUSED_FUNCTION = YES;
				GCC_WARN_UNUSED_VARIABLE = YES;
				MACOSX_DEPLOYMENT_TARGET = 13.0;
				SDKROOT = macosx;
			};
			name = Release;
		};
		E4FBA9B92FA1F33C00AFA8EC /* Debug */ = {
			isa = XCBuildConfiguration;
			buildSettings = {
				CODE_SIGN_STYLE = Automatic;
				COMBINE_HIDPI_IMAGES = YES;
				CURRENT_PROJECT_VERSION = 1;
				DEVELOPMENT_TEAM = Y2J929GK9A;
				GENERATE_INFOPLIST_FILE = NO;
				INFOPLIST_FILE = Info.plist;
				INSTALL_PATH = "/Library/Audio/Plug-Ins/HAL";
				MARKETING_VERSION = 0.1;
				PRODUCT_BUNDLE_IDENTIFIER = com.digitalkiss.xonehal;
				PRODUCT_NAME = "$(TARGET_NAME)";
				SKIP_INSTALL = YES;
				WRAPPER_EXTENSION = bundle;
			};
			name = Debug;
		};
		E4FBA9BA2FA1F33C00AFA8EC /* Release */ = {
			isa = XCBuildConfiguration;
			buildSettings = {
				CODE_SIGN_STYLE = Automatic;
				COMBINE_HIDPI_IMAGES = YES;
				CURRENT_PROJECT_VERSION = 1;
				DEVELOPMENT_TEAM = Y2J929GK9A;
				GENERATE_INFOPLIST_FILE = NO;
				INFOPLIST_FILE = Info.plist;
				INSTALL_PATH = "/Library/Audio/Plug-Ins/HAL";
				MARKETING_VERSION = 0.1;
				PRODUCT_BUNDLE_IDENTIFIER = com.digitalkiss.xonehal;
				PRODUCT_NAME = "$(TARGET_NAME)";
				SKIP_INSTALL = YES;
				WRAPPER_EXTENSION = bundle;
			};
			name = Release;
		};
/* End XCBuildConfiguration section */

/* Begin XCConfigurationList section */
		E4FBA9AF2FA1F33B00AFA8EC /* Build configuration list for PBXProject "XoneHAL" */ = {
			isa = XCConfigurationList;
			buildConfigurations = (
				E4FBA9B62FA1F33C00AFA8EC /* Debug */,
				E4FBA9B72FA1F33C00AFA8EC /* Release */,
			);
			defaultConfigurationIsVisible = 0;
			defaultConfigurationName = Release;
		};
		E4FBA9B82FA1F33C00AFA8EC /* Build configuration list for PBXNativeTarget "XoneHAL" */ = {
			isa = XCConfigurationList;
			buildConfigurations = (
				E4FBA9B92FA1F33C00AFA8EC /* Debug */,
				E4FBA9BA2FA1F33C00AFA8EC /* Release */,
			);
			defaultConfigurationIsVisible = 0;
			defaultConfigurationName = Release;
		};
/* End XCConfigurationList section */
	};
	rootObject = E4FBA9AC2FA1F33B00AFA8EC /* Project object */;
}
